source /Users/m/Library/Caches/antibody/https-COLON--SLASH--SLASH-github.com-SLASH-zsh-users-SLASH-zsh-syntax-highlighting/zsh-syntax-highlighting.plugin.zsh
fpath+=( /Users/m/Library/Caches/antibody/https-COLON--SLASH--SLASH-github.com-SLASH-zsh-users-SLASH-zsh-syntax-highlighting )
source /Users/m/Library/Caches/antibody/https-COLON--SLASH--SLASH-github.com-SLASH-zsh-users-SLASH-zsh-autosuggestions/zsh-autosuggestions.plugin.zsh
fpath+=( /Users/m/Library/Caches/antibody/https-COLON--SLASH--SLASH-github.com-SLASH-zsh-users-SLASH-zsh-autosuggestions )
source /Users/m/Library/Caches/antibody/https-COLON--SLASH--SLASH-github.com-SLASH-zsh-users-SLASH-zsh-completions/zsh-completions.plugin.zsh
fpath+=( /Users/m/Library/Caches/antibody/https-COLON--SLASH--SLASH-github.com-SLASH-zsh-users-SLASH-zsh-completions )
source /Users/m/Library/Caches/antibody/https-COLON--SLASH--SLASH-github.com-SLASH-robbyrussell-SLASH-oh-my-zsh/lib/history.zsh
source /Users/m/Library/Caches/antibody/https-COLON--SLASH--SLASH-github.com-SLASH-robbyrussell-SLASH-oh-my-zsh/lib/completion.zsh
source /Users/m/Library/Caches/antibody/https-COLON--SLASH--SLASH-github.com-SLASH-robbyrussell-SLASH-oh-my-zsh/lib/theme-and-appearance.zsh
source /Users/m/Library/Caches/antibody/https-COLON--SLASH--SLASH-github.com-SLASH-robbyrussell-SLASH-oh-my-zsh/lib/clipboard.zsh
source /Users/m/Library/Caches/antibody/https-COLON--SLASH--SLASH-github.com-SLASH-robbyrussell-SLASH-oh-my-zsh/plugins/nmap/nmap.plugin.zsh
fpath+=( /Users/m/Library/Caches/antibody/https-COLON--SLASH--SLASH-github.com-SLASH-robbyrussell-SLASH-oh-my-zsh/plugins/nmap )
source /Users/m/Library/Caches/antibody/https-COLON--SLASH--SLASH-github.com-SLASH-robbyrussell-SLASH-oh-my-zsh/plugins/colored-man-pages/colored-man-pages.plugin.zsh
fpath+=( /Users/m/Library/Caches/antibody/https-COLON--SLASH--SLASH-github.com-SLASH-robbyrussell-SLASH-oh-my-zsh/plugins/colored-man-pages )
source /Users/m/Library/Caches/antibody/https-COLON--SLASH--SLASH-github.com-SLASH-robbyrussell-SLASH-oh-my-zsh/plugins/z/z.plugin.zsh
fpath+=( /Users/m/Library/Caches/antibody/https-COLON--SLASH--SLASH-github.com-SLASH-robbyrussell-SLASH-oh-my-zsh/plugins/z )
source /Users/m/Library/Caches/antibody/https-COLON--SLASH--SLASH-github.com-SLASH-hlissner-SLASH-zsh-autopair/autopair.plugin.zsh
source /Users/m/Library/Caches/antibody/https-COLON--SLASH--SLASH-github.com-SLASH-hlissner-SLASH-zsh-autopair/zsh-autopair.plugin.zsh
fpath+=( /Users/m/Library/Caches/antibody/https-COLON--SLASH--SLASH-github.com-SLASH-hlissner-SLASH-zsh-autopair )
source /Users/m/Library/Caches/antibody/https-COLON--SLASH--SLASH-github.com-SLASH-jedahan-SLASH-geometry/geometry.plugin.zsh
fpath+=( /Users/m/Library/Caches/antibody/https-COLON--SLASH--SLASH-github.com-SLASH-jedahan-SLASH-geometry )
source /Users/m/Library/Caches/antibody/https-COLON--SLASH--SLASH-github.com-SLASH-robbyrussell-SLASH-oh-my-zsh/plugins/z/z.plugin.zsh
fpath+=( /Users/m/Library/Caches/antibody/https-COLON--SLASH--SLASH-github.com-SLASH-robbyrussell-SLASH-oh-my-zsh/plugins/z )
source /Users/m/Library/Caches/antibody/https-COLON--SLASH--SLASH-github.com-SLASH-jarun-SLASH-nnn/scripts/quitcd/quitcd.zsh
source /Users/m/Library/Caches/antibody/https-COLON--SLASH--SLASH-github.com-SLASH-junegunn-SLASH-fzf/shell/key-bindings.zsh
source /Users/m/Library/Caches/antibody/https-COLON--SLASH--SLASH-github.com-SLASH-supercrabtree-SLASH-k/k.plugin.zsh
fpath+=( /Users/m/Library/Caches/antibody/https-COLON--SLASH--SLASH-github.com-SLASH-supercrabtree-SLASH-k )
source /Users/m/Library/Caches/antibody/https-COLON--SLASH--SLASH-github.com-SLASH-robbyrussell-SLASH-oh-my-zsh/plugins/tmux/tmux.plugin.zsh
fpath+=( /Users/m/Library/Caches/antibody/https-COLON--SLASH--SLASH-github.com-SLASH-robbyrussell-SLASH-oh-my-zsh/plugins/tmux )
source /Users/m/Library/Caches/antibody/https-COLON--SLASH--SLASH-github.com-SLASH-robbyrussell-SLASH-oh-my-zsh/plugins/rsync/rsync.plugin.zsh
fpath+=( /Users/m/Library/Caches/antibody/https-COLON--SLASH--SLASH-github.com-SLASH-robbyrussell-SLASH-oh-my-zsh/plugins/rsync )
